%{"dialyxir": {:hex, :dialyxir, "0.4.1", "236056d6acd25f740f336756c0f3b5dd6e2f0156074bc15f3b779aeee15390c8", [:mix], []},
  "gproc": {:hex, :gproc, "0.6.1", "4579663e5677970758a05d8f65d13c3e9814ec707ad51d8dcef7294eda1a730c", [:rebar3], []},
  "uuid": {:hex, :uuid, "1.1.5", "96cb36d86ee82f912efea4d50464a5df606bf3f1163d6bdbb302d98474969369", [:mix], []}}
